
Microsoft Visual Studio Solution File, Format Version 12.00
# Visual Studio 15
VisualStudioVersion = 15.0.26228.96
MinimumVisualStudioVersion = 10.0.40219.1
Project("{FAE04EC0-301F-11D3-BF4B-00C04F79EFBC}") = "Assignment6", "Assignment6\Assignment6.csproj", "{FEFE8782-58F9-44CA-874E-96A9AD3D95B2}"
EndProject
Global
	GlobalSection(SolutionConfigurationPlatforms) = preSolution
		Debug|Any CPU = Debug|Any CPU
		Release|Any CPU = Release|Any CPU
	EndGlobalSection
	GlobalSection(ProjectConfigurationPlatforms) = postSolution
		{FEFE8782-58F9-44CA-874E-96A9AD3D95B2}.Debug|Any CPU.ActiveCfg = Debug|Any CPU
		{FEFE8782-58F9-44CA-874E-96A9AD3D95B2}.Debug|Any CPU.Build.0 = Debug|Any CPU
		{FEFE8782-58F9-44CA-874E-96A9AD3D95B2}.Release|Any CPU.ActiveCfg = Release|Any CPU
		{FEFE8782-58F9-44CA-874E-96A9AD3D95B2}.Release|Any CPU.Build.0 = Release|Any CPU
	EndGlobalSection
	GlobalSection(SolutionProperties) = preSolution
		HideSolutionNode = FALSE
	EndGlobalSection
EndGlobal
